
Microsoft Visual Studio Solution File, Format Version 12.00
# Visual Studio Version 17
VisualStudioVersion = 17.3.32819.101
MinimumVisualStudioVersion = 10.0.40219.1
Project("{FAE04EC0-301F-11D3-BF4B-00C04F79EFBC}") = "NLayer.Repository", "NLayer.Repository\NLayer.Repository.csproj", "{4FB72FFB-42A0-4D08-8A9D-6B2B591A405E}"
EndProject
Project("{FAE04EC0-301F-11D3-BF4B-00C04F79EFBC}") = "NLayer.Core", "NLayer.Core\NLayer.Core.csproj", "{075F18F2-ADB0-42BE-ABF6-66BCC7F0C788}"
EndProject
Project("{FAE04EC0-301F-11D3-BF4B-00C04F79EFBC}") = "NLayer.Service", "NLayer.Service\NLayer.Service.csproj", "{43232A37-D587-4CB9-B5F7-EB15BFC26644}"
EndProject
Project("{FAE04EC0-301F-11D3-BF4B-00C04F79EFBC}") = "NLayer.API", "NLayer.API\NLayer.API.csproj", "{CD18E9E1-4A89-47E1-8BA8-64DF04478895}"
EndProject
Project("{FAE04EC0-301F-11D3-BF4B-00C04F79EFBC}") = "NLayer.Caching", "NLayer.Caching\NLayer.Caching.csproj", "{790863D5-ED5F-4537-B993-6E4FAE6A7A3C}"
EndProject
Global
	GlobalSection(SolutionConfigurationPlatforms) = preSolution
		Debug|Any CPU = Debug|Any CPU
		Release|Any CPU = Release|Any CPU
	EndGlobalSection
	GlobalSection(ProjectConfigurationPlatforms) = postSolution
		{4FB72FFB-42A0-4D08-8A9D-6B2B591A405E}.Debug|Any CPU.ActiveCfg = Debug|Any CPU
		{4FB72FFB-42A0-4D08-8A9D-6B2B591A405E}.Debug|Any CPU.Build.0 = Debug|Any CPU
		{4FB72FFB-42A0-4D08-8A9D-6B2B591A405E}.Release|Any CPU.ActiveCfg = Release|Any CPU
		{4FB72FFB-42A0-4D08-8A9D-6B2B591A405E}.Release|Any CPU.Build.0 = Release|Any CPU
		{075F18F2-ADB0-42BE-ABF6-66BCC7F0C788}.Debug|Any CPU.ActiveCfg = Debug|Any CPU
		{075F18F2-ADB0-42BE-ABF6-66BCC7F0C788}.Debug|Any CPU.Build.0 = Debug|Any CPU
		{075F18F2-ADB0-42BE-ABF6-66BCC7F0C788}.Release|Any CPU.ActiveCfg = Release|Any CPU
		{075F18F2-ADB0-42BE-ABF6-66BCC7F0C788}.Release|Any CPU.Build.0 = Release|Any CPU
		{43232A37-D587-4CB9-B5F7-EB15BFC26644}.Debug|Any CPU.ActiveCfg = Debug|Any CPU
		{43232A37-D587-4CB9-B5F7-EB15BFC26644}.Debug|Any CPU.Build.0 = Debug|Any CPU
		{43232A37-D587-4CB9-B5F7-EB15BFC26644}.Release|Any CPU.ActiveCfg = Release|Any CPU
		{43232A37-D587-4CB9-B5F7-EB15BFC26644}.Release|Any CPU.Build.0 = Release|Any CPU
		{CD18E9E1-4A89-47E1-8BA8-64DF04478895}.Debug|Any CPU.ActiveCfg = Debug|Any CPU
		{CD18E9E1-4A89-47E1-8BA8-64DF04478895}.Debug|Any CPU.Build.0 = Debug|Any CPU
		{CD18E9E1-4A89-47E1-8BA8-64DF04478895}.Release|Any CPU.ActiveCfg = Release|Any CPU
		{CD18E9E1-4A89-47E1-8BA8-64DF04478895}.Release|Any CPU.Build.0 = Release|Any CPU
		{790863D5-ED5F-4537-B993-6E4FAE6A7A3C}.Debug|Any CPU.ActiveCfg = Debug|Any CPU
		{790863D5-ED5F-4537-B993-6E4FAE6A7A3C}.Debug|Any CPU.Build.0 = Debug|Any CPU
		{790863D5-ED5F-4537-B993-6E4FAE6A7A3C}.Release|Any CPU.ActiveCfg = Release|Any CPU
		{790863D5-ED5F-4537-B993-6E4FAE6A7A3C}.Release|Any CPU.Build.0 = Release|Any CPU
	EndGlobalSection
	GlobalSection(SolutionProperties) = preSolution
		HideSolutionNode = FALSE
	EndGlobalSection
	GlobalSection(ExtensibilityGlobals) = postSolution
		SolutionGuid = {38BD693F-1DD3-46BF-866A-CA2AEEB9F683}
	EndGlobalSection
EndGlobal
